{
  "object": {
    "pins": [
      {
        "package": "Alamofire",
        "repositoryURL": "https://github.com/alamofire/alamofire",
        "state": {
          "branch": "master",
          "revision": "79e9419d402f0dfe18836f00fcf4052855419031",
          "version": null
        }
      },
      {
        "package": "Realm",
        "repositoryURL": "https://github.com/realm/realm-cocoa",
        "state": {
          "branch": "master",
          "revision": "d03380762a20f3759d597bc0399e76d960ab980e",
          "version": null
        }
      },
      {
        "package": "RealmDatabase",
        "repositoryURL": "https://github.com/realm/realm-core",
        "state": {
          "branch": null,
          "revision": "23f60515a00f076a9e3f2dc672fe1ae07601ee90",
          "version": "11.4.1"
        }
      },
      {
        "package": "SDWebImage",
        "repositoryURL": "https://github.com/SDWebImage/SDWebImage",
        "state": {
          "branch": "master",
          "revision": "602af15947106c9c7a6066138b4e907df91c8acb",
          "version": null
        }
      }
    ]
  },
  "version": 1
}
